
Microsoft Visual Studio Solution File, Format Version 12.00
# Visual Studio Version 16
VisualStudioVersion = 16.0.30114.105
MinimumVisualStudioVersion = 10.0.40219.1
Project("{2150E333-8FDC-42A3-9474-1A3956D46DE8}") = "src", "src", "{310DA682-2FD3-4138-BC82-49828DFCF029}"
EndProject
Project("{9A19103F-16F7-4668-BE54-9A1E7A4F7556}") = "Client", "src\Client\Client.csproj", "{F42D9E09-BAB3-4704-984B-5DFC8E51237A}"
EndProject
Project("{9A19103F-16F7-4668-BE54-9A1E7A4F7556}") = "Domain", "src\Domain\Domain.csproj", "{3A084491-9605-42BF-AD3C-7302979C2B25}"
EndProject
Global
	GlobalSection(SolutionConfigurationPlatforms) = preSolution
		Debug|Any CPU = Debug|Any CPU
		Release|Any CPU = Release|Any CPU
	EndGlobalSection
	GlobalSection(ProjectConfigurationPlatforms) = postSolution
		{F42D9E09-BAB3-4704-984B-5DFC8E51237A}.Debug|Any CPU.ActiveCfg = Debug|Any CPU
		{F42D9E09-BAB3-4704-984B-5DFC8E51237A}.Debug|Any CPU.Build.0 = Debug|Any CPU
		{F42D9E09-BAB3-4704-984B-5DFC8E51237A}.Release|Any CPU.ActiveCfg = Release|Any CPU
		{F42D9E09-BAB3-4704-984B-5DFC8E51237A}.Release|Any CPU.Build.0 = Release|Any CPU
		{3A084491-9605-42BF-AD3C-7302979C2B25}.Debug|Any CPU.ActiveCfg = Debug|Any CPU
		{3A084491-9605-42BF-AD3C-7302979C2B25}.Debug|Any CPU.Build.0 = Debug|Any CPU
		{3A084491-9605-42BF-AD3C-7302979C2B25}.Release|Any CPU.ActiveCfg = Release|Any CPU
		{3A084491-9605-42BF-AD3C-7302979C2B25}.Release|Any CPU.Build.0 = Release|Any CPU
	EndGlobalSection
	GlobalSection(SolutionProperties) = preSolution
		HideSolutionNode = FALSE
	EndGlobalSection
	GlobalSection(NestedProjects) = preSolution
		{F42D9E09-BAB3-4704-984B-5DFC8E51237A} = {310DA682-2FD3-4138-BC82-49828DFCF029}
		{3A084491-9605-42BF-AD3C-7302979C2B25} = {310DA682-2FD3-4138-BC82-49828DFCF029}
	EndGlobalSection
	GlobalSection(ExtensibilityGlobals) = postSolution
		SolutionGuid = {10FD07CC-123F-48ED-9CC6-7BFBE0F0D1D7}
	EndGlobalSection
EndGlobal
